// !$*UTF8*$!
{
	archiveVersion = 1;
	classes = {
	};
	objectVersion = 55;
	objects = {

/* Begin PBXBuildFile section */
		71194C97298AD5D50093EF47 /* AppDelegate.swift in Sources */ = {isa = PBXBuildFile; fileRef = 71194C96298AD5D50093EF47 /* AppDelegate.swift */; };
		71194C99298AD5D50093EF47 /* SceneDelegate.swift in Sources */ = {isa = PBXBuildFile; fileRef = 71194C98298AD5D50093EF47 /* SceneDelegate.swift */; };
		71194C9B298AD5D50093EF47 /* ConversationsViewController.swift in Sources */ = {isa = PBXBuildFile; fileRef = 71194C9A298AD5D50093EF47 /* ConversationsViewController.swift */; };
		71194C9E298AD5D50093EF47 /* Main.storyboard in Resources */ = {isa = PBXBuildFile; fileRef = 71194C9C298AD5D50093EF47 /* Main.storyboard */; };
		71194CA0298AD5D80093EF47 /* Assets.xcassets in Resources */ = {isa = PBXBuildFile; fileRef = 71194C9F298AD5D80093EF47 /* Assets.xcassets */; };
		71194CA3298AD5D80093EF47 /* LaunchScreen.storyboard in Resources */ = {isa = PBXBuildFile; fileRef = 71194CA1298AD5D80093EF47 /* LaunchScreen.storyboard */; };
		71194CB1298AD7FA0093EF47 /* LoginViewController.swift in Sources */ = {isa = PBXBuildFile; fileRef = 71194CB0298AD7FA0093EF47 /* LoginViewController.swift */; };
		71194CB3298AD8120093EF47 /* RegisterViewController.swift in Sources */ = {isa = PBXBuildFile; fileRef = 71194CB2298AD8120093EF47 /* RegisterViewController.swift */; };
		71194CB5298AD8230093EF47 /* PhotoViewController.swift in Sources */ = {isa = PBXBuildFile; fileRef = 71194CB4298AD8230093EF47 /* PhotoViewController.swift */; };
		71194CB7298AD83E0093EF47 /* VideoViewController.swift in Sources */ = {isa = PBXBuildFile; fileRef = 71194CB6298AD83E0093EF47 /* VideoViewController.swift */; };
		71194CB9298AD8510093EF47 /* NewConversationViewController.swift in Sources */ = {isa = PBXBuildFile; fileRef = 71194CB8298AD8510093EF47 /* NewConversationViewController.swift */; };
		71194CBB298AD8640093EF47 /* ProfileViewController.swift in Sources */ = {isa = PBXBuildFile; fileRef = 71194CBA298AD8640093EF47 /* ProfileViewController.swift */; };
		71194CBE298ADCFB0093EF47 /* Extension.swift in Sources */ = {isa = PBXBuildFile; fileRef = 71194CBD298ADCFB0093EF47 /* Extension.swift */; };
		716EBDE4299265800060AA19 /* GoogleService-Info.plist in Resources */ = {isa = PBXBuildFile; fileRef = 716EBDE3299265800060AA19 /* GoogleService-Info.plist */; };
		71D7962729A23BFD00BA95DE /* DatabaseManager.swift in Sources */ = {isa = PBXBuildFile; fileRef = 71D7962629A23BFD00BA95DE /* DatabaseManager.swift */; };
		8C6B8518531A5288C4324CC7 /* Pods_Messager.framework in Frameworks */ = {isa = PBXBuildFile; fileRef = BC22A8047624FE6D6061D1EB /* Pods_Messager.framework */; };
/* End PBXBuildFile section */

/* Begin PBXFileReference section */
		71194C93298AD5D50093EF47 /* Messager.app */ = {isa = PBXFileReference; explicitFileType = wrapper.application; includeInIndex = 0; path = Messager.app; sourceTree = BUILT_PRODUCTS_DIR; };
		71194C96298AD5D50093EF47 /* AppDelegate.swift */ = {isa = PBXFileReference; lastKnownFileType = sourcecode.swift; path = AppDelegate.swift; sourceTree = "<group>"; };
		71194C98298AD5D50093EF47 /* SceneDelegate.swift */ = {isa = PBXFileReference; lastKnownFileType = sourcecode.swift; path = SceneDelegate.swift; sourceTree = "<group>"; };
		71194C9A298AD5D50093EF47 /* ConversationsViewController.swift */ = {isa = PBXFileReference; lastKnownFileType = sourcecode.swift; path = ConversationsViewController.swift; sourceTree = "<group>"; };
		71194C9D298AD5D50093EF47 /* Base */ = {isa = PBXFileReference; lastKnownFileType = file.storyboard; name = Base; path = Base.lproj/Main.storyboard; sourceTree = "<group>"; };
		71194C9F298AD5D80093EF47 /* Assets.xcassets */ = {isa = PBXFileReference; lastKnownFileType = folder.assetcatalog; path = Assets.xcassets; sourceTree = "<group>"; };
		71194CA2298AD5D80093EF47 /* Base */ = {isa = PBXFileReference; lastKnownFileType = file.storyboard; name = Base; path = Base.lproj/LaunchScreen.storyboard; sourceTree = "<group>"; };
		71194CA4298AD5D80093EF47 /* Info.plist */ = {isa = PBXFileReference; lastKnownFileType = text.plist.xml; path = Info.plist; sourceTree = "<group>"; };
		71194CB0298AD7FA0093EF47 /* LoginViewController.swift */ = {isa = PBXFileReference; lastKnownFileType = sourcecode.swift; path = LoginViewController.swift; sourceTree = "<group>"; };
		71194CB2298AD8120093EF47 /* RegisterViewController.swift */ = {isa = PBXFileReference; lastKnownFileType = sourcecode.swift; path = RegisterViewController.swift; sourceTree = "<group>"; };
		71194CB4298AD8230093EF47 /* PhotoViewController.swift */ = {isa = PBXFileReference; lastKnownFileType = sourcecode.swift; path = PhotoViewController.swift; sourceTree = "<group>"; };
		71194CB6298AD83E0093EF47 /* VideoViewController.swift */ = {isa = PBXFileReference; lastKnownFileType = sourcecode.swift; path = VideoViewController.swift; sourceTree = "<group>"; };
		71194CB8298AD8510093EF47 /* NewConversationViewController.swift */ = {isa = PBXFileReference; lastKnownFileType = sourcecode.swift; path = NewConversationViewController.swift; sourceTree = "<group>"; };
		71194CBA298AD8640093EF47 /* ProfileViewController.swift */ = {isa = PBXFileReference; lastKnownFileType = sourcecode.swift; path = ProfileViewController.swift; sourceTree = "<group>"; };
		71194CBD298ADCFB0093EF47 /* Extension.swift */ = {isa = PBXFileReference; lastKnownFileType = sourcecode.swift; path = Extension.swift; sourceTree = "<group>"; };
		716EBDE3299265800060AA19 /* GoogleService-Info.plist */ = {isa = PBXFileReference; fileEncoding = 4; lastKnownFileType = text.plist.xml; path = "GoogleService-Info.plist"; sourceTree = "<group>"; };
		71D7962629A23BFD00BA95DE /* DatabaseManager.swift */ = {isa = PBXFileReference; lastKnownFileType = sourcecode.swift; path = DatabaseManager.swift; sourceTree = "<group>"; };
		BB00E62D3792D7CA1AE50390 /* Pods-Messager.release.xcconfig */ = {isa = PBXFileReference; includeInIndex = 1; lastKnownFileType = text.xcconfig; name = "Pods-Messager.release.xcconfig"; path = "Target Support Files/Pods-Messager/Pods-Messager.release.xcconfig"; sourceTree = "<group>"; };
		BC22A8047624FE6D6061D1EB /* Pods_Messager.framework */ = {isa = PBXFileReference; explicitFileType = wrapper.framework; includeInIndex = 0; path = Pods_Messager.framework; sourceTree = BUILT_PRODUCTS_DIR; };
		D81805A6C9706A1CAF355386 /* Pods-Messager.debug.xcconfig */ = {isa = PBXFileReference; includeInIndex = 1; lastKnownFileType = text.xcconfig; name = "Pods-Messager.debug.xcconfig"; path = "Target Support Files/Pods-Messager/Pods-Messager.debug.xcconfig"; sourceTree = "<group>"; };
/* End PBXFileReference section */

/* Begin PBXFrameworksBuildPhase section */
		71194C90298AD5D50093EF47 /* Frameworks */ = {
			isa = PBXFrameworksBuildPhase;
			buildActionMask = 2147483647;
			files = (
				8C6B8518531A5288C4324CC7 /* Pods_Messager.framework in Frameworks */,
			);
			runOnlyForDeploymentPostprocessing = 0;
		};
/* End PBXFrameworksBuildPhase section */

/* Begin PBXGroup section */
		71194C8A298AD5D50093EF47 = {
			isa = PBXGroup;
			children = (
				71194C95298AD5D50093EF47 /* Messager */,
				71194C94298AD5D50093EF47 /* Products */,
				B49294CAA34716A7A3FDEBC9 /* Pods */,
				D74963E628F7DF9BECAEFF66 /* Frameworks */,
			);
			sourceTree = "<group>";
		};
		71194C94298AD5D50093EF47 /* Products */ = {
			isa = PBXGroup;
			children = (
				71194C93298AD5D50093EF47 /* Messager.app */,
			);
			name = Products;
			sourceTree = "<group>";
		};
		71194C95298AD5D50093EF47 /* Messager */ = {
			isa = PBXGroup;
			children = (
				716EBDE3299265800060AA19 /* GoogleService-Info.plist */,
				71194CAE298AD6A90093EF47 /* Resources */,
				71194CAD298AD6A10093EF47 /* ViewModels */,
				71194CAC298AD69B0093EF47 /* Models */,
				71194CAB298AD6930093EF47 /* Views */,
				71194CAA298AD6870093EF47 /* Controllers */,
				71194CA4298AD5D80093EF47 /* Info.plist */,
			);
			path = Messager;
			sourceTree = "<group>";
		};
		71194CAA298AD6870093EF47 /* Controllers */ = {
			isa = PBXGroup;
			children = (
				71194C9A298AD5D50093EF47 /* ConversationsViewController.swift */,
				71194CBC298AD8DA0093EF47 /* Login */,
				71194CB4298AD8230093EF47 /* PhotoViewController.swift */,
				71194CB6298AD83E0093EF47 /* VideoViewController.swift */,
				71194CB8298AD8510093EF47 /* NewConversationViewController.swift */,
				71194CBA298AD8640093EF47 /* ProfileViewController.swift */,
			);
			path = Controllers;
			sourceTree = "<group>";
		};
		71194CAB298AD6930093EF47 /* Views */ = {
			isa = PBXGroup;
			children = (
				71194CAF298AD6E20093EF47 /* Storyboards */,
				71194C9F298AD5D80093EF47 /* Assets.xcassets */,
			);
			path = Views;
			sourceTree = "<group>";
		};
		71194CAC298AD69B0093EF47 /* Models */ = {
			isa = PBXGroup;
			children = (
			);
			path = Models;
			sourceTree = "<group>";
		};
		71194CAD298AD6A10093EF47 /* ViewModels */ = {
			isa = PBXGroup;
			children = (
			);
			path = ViewModels;
			sourceTree = "<group>";
		};
		71194CAE298AD6A90093EF47 /* Resources */ = {
			isa = PBXGroup;
			children = (
				71194C96298AD5D50093EF47 /* AppDelegate.swift */,
				71194C98298AD5D50093EF47 /* SceneDelegate.swift */,
				71194CBD298ADCFB0093EF47 /* Extension.swift */,
				71D7962629A23BFD00BA95DE /* DatabaseManager.swift */,
			);
			path = Resources;
			sourceTree = "<group>";
		};
		71194CAF298AD6E20093EF47 /* Storyboards */ = {
			isa = PBXGroup;
			children = (
				71194C9C298AD5D50093EF47 /* Main.storyboard */,
				71194CA1298AD5D80093EF47 /* LaunchScreen.storyboard */,
			);
			path = Storyboards;
			sourceTree = "<group>";
		};
		71194CBC298AD8DA0093EF47 /* Login */ = {
			isa = PBXGroup;
			children = (
				71194CB0298AD7FA0093EF47 /* LoginViewController.swift */,
				71194CB2298AD8120093EF47 /* RegisterViewController.swift */,
			);
			path = Login;
			sourceTree = "<group>";
		};
		B49294CAA34716A7A3FDEBC9 /* Pods */ = {
			isa = PBXGroup;
			children = (
				D81805A6C9706A1CAF355386 /* Pods-Messager.debug.xcconfig */,
				BB00E62D3792D7CA1AE50390 /* Pods-Messager.release.xcconfig */,
			);
			path = Pods;
			sourceTree = "<group>";
		};
		D74963E628F7DF9BECAEFF66 /* Frameworks */ = {
			isa = PBXGroup;
			children = (
				BC22A8047624FE6D6061D1EB /* Pods_Messager.framework */,
			);
			name = Frameworks;
			sourceTree = "<group>";
		};
/* End PBXGroup section */

/* Begin PBXNativeTarget section */
		71194C92298AD5D50093EF47 /* Messager */ = {
			isa = PBXNativeTarget;
			buildConfigurationList = 71194CA7298AD5D80093EF47 /* Build configuration list for PBXNativeTarget "Messager" */;
			buildPhases = (
				33E47FA86D3BED72D38534FB /* [CP] Check Pods Manifest.lock */,
				71194C8F298AD5D50093EF47 /* Sources */,
				71194C90298AD5D50093EF47 /* Frameworks */,
				71194C91298AD5D50093EF47 /* Resources */,
				F09ED082E1C25AC2AC7E3C02 /* [CP] Embed Pods Frameworks */,
			);
			buildRules = (
			);
			dependencies = (
			);
			name = Messager;
			productName = Messager;
			productReference = 71194C93298AD5D50093EF47 /* Messager.app */;
			productType = "com.apple.product-type.application";
		};
/* End PBXNativeTarget section */

/* Begin PBXProject section */
		71194C8B298AD5D50093EF47 /* Project object */ = {
			isa = PBXProject;
			attributes = {
				BuildIndependentTargetsInParallel = 1;
				LastSwiftUpdateCheck = 1340;
				LastUpgradeCheck = 1340;
				TargetAttributes = {
					71194C92298AD5D50093EF47 = {
						CreatedOnToolsVersion = 13.4.1;
					};
				};
			};
			buildConfigurationList = 71194C8E298AD5D50093EF47 /* Build configuration list for PBXProject "Messager" */;
			compatibilityVersion = "Xcode 13.0";
			developmentRegion = en;
			hasScannedForEncodings = 0;
			knownRegions = (
				en,
				Base,
			);
			mainGroup = 71194C8A298AD5D50093EF47;
			productRefGroup = 71194C94298AD5D50093EF47 /* Products */;
			projectDirPath = "";
			projectRoot = "";
			targets = (
				71194C92298AD5D50093EF47 /* Messager */,
			);
		};
/* End PBXProject section */

/* Begin PBXResourcesBuildPhase section */
		71194C91298AD5D50093EF47 /* Resources */ = {
			isa = PBXResourcesBuildPhase;
			buildActionMask = 2147483647;
			files = (
				71194CA3298AD5D80093EF47 /* LaunchScreen.storyboard in Resources */,
				716EBDE4299265800060AA19 /* GoogleService-Info.plist in Resources */,
				71194CA0298AD5D80093EF47 /* Assets.xcassets in Resources */,
				71194C9E298AD5D50093EF47 /* Main.storyboard in Resources */,
			);
			runOnlyForDeploymentPostprocessing = 0;
		};
/* End PBXResourcesBuildPhase section */

/* Begin PBXShellScriptBuildPhase section */
		33E47FA86D3BED72D38534FB /* [CP] Check Pods Manifest.lock */ = {
			isa = PBXShellScriptBuildPhase;
			buildActionMask = 2147483647;
			files = (
			);
			inputFileListPaths = (
			);
			inputPaths = (
				"${PODS_PODFILE_DIR_PATH}/Podfile.lock",
				"${PODS_ROOT}/Manifest.lock",
			);
			name = "[CP] Check Pods Manifest.lock";
			outputFileListPaths = (
			);
			outputPaths = (
				"$(DERIVED_FILE_DIR)/Pods-Messager-checkManifestLockResult.txt",
			);
			runOnlyForDeploymentPostprocessing = 0;
			shellPath = /bin/sh;
			shellScript = "diff \"${PODS_PODFILE_DIR_PATH}/Podfile.lock\" \"${PODS_ROOT}/Manifest.lock\" > /dev/null\nif [ $? != 0 ] ; then\n    # print error to STDERR\n    echo \"error: The sandbox is not in sync with the Podfile.lock. Run 'pod install' or update your CocoaPods installation.\" >&2\n    exit 1\nfi\n# This output is used by Xcode 'outputs' to avoid re-running this script phase.\necho \"SUCCESS\" > \"${SCRIPT_OUTPUT_FILE_0}\"\n";
			showEnvVarsInLog = 0;
		};
		F09ED082E1C25AC2AC7E3C02 /* [CP] Embed Pods Frameworks */ = {
			isa = PBXShellScriptBuildPhase;
			buildActionMask = 2147483647;
			files = (
			);
			inputFileListPaths = (
				"${PODS_ROOT}/Target Support Files/Pods-Messager/Pods-Messager-frameworks-${CONFIGURATION}-input-files.xcfilelist",
			);
			name = "[CP] Embed Pods Frameworks";
			outputFileListPaths = (
				"${PODS_ROOT}/Target Support Files/Pods-Messager/Pods-Messager-frameworks-${CONFIGURATION}-output-files.xcfilelist",
			);
			runOnlyForDeploymentPostprocessing = 0;
			shellPath = /bin/sh;
			shellScript = "\"${PODS_ROOT}/Target Support Files/Pods-Messager/Pods-Messager-frameworks.sh\"\n";
			showEnvVarsInLog = 0;
		};
/* End PBXShellScriptBuildPhase section */

/* Begin PBXSourcesBuildPhase section */
		71194C8F298AD5D50093EF47 /* Sources */ = {
			isa = PBXSourcesBuildPhase;
			buildActionMask = 2147483647;
			files = (
				71194CB1298AD7FA0093EF47 /* LoginViewController.swift in Sources */,
				71D7962729A23BFD00BA95DE /* DatabaseManager.swift in Sources */,
				71194CB7298AD83E0093EF47 /* VideoViewController.swift in Sources */,
				71194CB9298AD8510093EF47 /* NewConversationViewController.swift in Sources */,
				71194CB3298AD8120093EF47 /* RegisterViewController.swift in Sources */,
				71194C9B298AD5D50093EF47 /* ConversationsViewController.swift in Sources */,
				71194CBE298ADCFB0093EF47 /* Extension.swift in Sources */,
				71194C97298AD5D50093EF47 /* AppDelegate.swift in Sources */,
				71194CBB298AD8640093EF47 /* ProfileViewController.swift in Sources */,
				71194C99298AD5D50093EF47 /* SceneDelegate.swift in Sources */,
				71194CB5298AD8230093EF47 /* PhotoViewController.swift in Sources */,
			);
			runOnlyForDeploymentPostprocessing = 0;
		};
/* End PBXSourcesBuildPhase section */

/* Begin PBXVariantGroup section */
		71194C9C298AD5D50093EF47 /* Main.storyboard */ = {
			isa = PBXVariantGroup;
			children = (
				71194C9D298AD5D50093EF47 /* Base */,
			);
			name = Main.storyboard;
			sourceTree = "<group>";
		};
		71194CA1298AD5D80093EF47 /* LaunchScreen.storyboard */ = {
			isa = PBXVariantGroup;
			children = (
				71194CA2298AD5D80093EF47 /* Base */,
			);
			name = LaunchScreen.storyboard;
			sourceTree = "<group>";
		};
/* End PBXVariantGroup section */

/* Begin XCBuildConfiguration section */
		71194CA5298AD5D80093EF47 /* Debug */ = {
			isa = XCBuildConfiguration;
			buildSettings = {
				ALWAYS_SEARCH_USER_PATHS = NO;
				CLANG_ANALYZER_NONNULL = YES;
				CLANG_ANALYZER_NUMBER_OBJECT_CONVERSION = YES_AGGRESSIVE;
				CLANG_CXX_LANGUAGE_STANDARD = "gnu++17";
				CLANG_ENABLE_MODULES = YES;
				CLANG_ENABLE_OBJC_ARC = YES;
				CLANG_ENABLE_OBJC_WEAK = YES;
				CLANG_WARN_BLOCK_CAPTURE_AUTORELEASING = YES;
				CLANG_WARN_BOOL_CONVERSION = YES;
				CLANG_WARN_COMMA = YES;
				CLANG_WARN_CONSTANT_CONVERSION = YES;
				CLANG_WARN_DEPRECATED_OBJC_IMPLEMENTATIONS = YES;
				CLANG_WARN_DIRECT_OBJC_ISA_USAGE = YES_ERROR;
				CLANG_WARN_DOCUMENTATION_COMMENTS = YES;
				CLANG_WARN_EMPTY_BODY = YES;
				CLANG_WARN_ENUM_CONVERSION = YES;
				CLANG_WARN_INFINITE_RECURSION = YES;
				CLANG_WARN_INT_CONVERSION = YES;
				CLANG_WARN_NON_LITERAL_NULL_CONVERSION = YES;
				CLANG_WARN_OBJC_IMPLICIT_RETAIN_SELF = YES;
				CLANG_WARN_OBJC_LITERAL_CONVERSION = YES;
				CLANG_WARN_OBJC_ROOT_CLASS = YES_ERROR;
				CLANG_WARN_QUOTED_INCLUDE_IN_FRAMEWORK_HEADER = YES;
				CLANG_WARN_RANGE_LOOP_ANALYSIS = YES;
				CLANG_WARN_STRICT_PROTOTYPES = YES;
				CLANG_WARN_SUSPICIOUS_MOVE = YES;
				CLANG_WARN_UNGUARDED_AVAILABILITY = YES_AGGRESSIVE;
				CLANG_WARN_UNREACHABLE_CODE = YES;
				CLANG_WARN__DUPLICATE_METHOD_MATCH = YES;
				COPY_PHASE_STRIP = NO;
				DEBUG_INFORMATION_FORMAT = dwarf;
				ENABLE_STRICT_OBJC_MSGSEND = YES;
				ENABLE_TESTABILITY = YES;
				GCC_C_LANGUAGE_STANDARD = gnu11;
				GCC_DYNAMIC_NO_PIC = NO;
				GCC_NO_COMMON_BLOCKS = YES;
				GCC_OPTIMIZATION_LEVEL = 0;
				GCC_PREPROCESSOR_DEFINITIONS = (
					"DEBUG=1",
					"$(inherited)",
				);
				GCC_WARN_64_TO_32_BIT_CONVERSION = YES;
				GCC_WARN_ABOUT_RETURN_TYPE = YES_ERROR;
				GCC_WARN_UNDECLARED_SELECTOR = YES;
				GCC_WARN_UNINITIALIZED_AUTOS = YES_AGGRESSIVE;
				GCC_WARN_UNUSED_FUNCTION = YES;
				GCC_WARN_UNUSED_VARIABLE = YES;
				IPHONEOS_DEPLOYMENT_TARGET = 15.5;
				MTL_ENABLE_DEBUG_INFO = INCLUDE_SOURCE;
				MTL_FAST_MATH = YES;
				ONLY_ACTIVE_ARCH = YES;
				SDKROOT = iphoneos;
				SWIFT_ACTIVE_COMPILATION_CONDITIONS = DEBUG;
				SWIFT_OPTIMIZATION_LEVEL = "-Onone";
			};
			name = Debug;
		};
		71194CA6298AD5D80093EF47 /* Release */ = {
			isa = XCBuildConfiguration;
			buildSettings = {
				ALWAYS_SEARCH_USER_PATHS = NO;
				CLANG_ANALYZER_NONNULL = YES;
				CLANG_ANALYZER_NUMBER_OBJECT_CONVERSION = YES_AGGRESSIVE;
				CLANG_CXX_LANGUAGE_STANDARD = "gnu++17";
				CLANG_ENABLE_MODULES = YES;
				CLANG_ENABLE_OBJC_ARC = YES;
				CLANG_ENABLE_OBJC_WEAK = YES;
				CLANG_WARN_BLOCK_CAPTURE_AUTORELEASING = YES;
				CLANG_WARN_BOOL_CONVERSION = YES;
				CLANG_WARN_COMMA = YES;
				CLANG_WARN_CONSTANT_CONVERSION = YES;
				CLANG_WARN_DEPRECATED_OBJC_IMPLEMENTATIONS = YES;
				CLANG_WARN_DIRECT_OBJC_ISA_USAGE = YES_ERROR;
				CLANG_WARN_DOCUMENTATION_COMMENTS = YES;
				CLANG_WARN_EMPTY_BODY = YES;
				CLANG_WARN_ENUM_CONVERSION = YES;
				CLANG_WARN_INFINITE_RECURSION = YES;
				CLANG_WARN_INT_CONVERSION = YES;
				CLANG_WARN_NON_LITERAL_NULL_CONVERSION = YES;
				CLANG_WARN_OBJC_IMPLICIT_RETAIN_SELF = YES;
				CLANG_WARN_OBJC_LITERAL_CONVERSION = YES;
				CLANG_WARN_OBJC_ROOT_CLASS = YES_ERROR;
				CLANG_WARN_QUOTED_INCLUDE_IN_FRAMEWORK_HEADER = YES;
				CLANG_WARN_RANGE_LOOP_ANALYSIS = YES;
				CLANG_WARN_STRICT_PROTOTYPES = YES;
				CLANG_WARN_SUSPICIOUS_MOVE = YES;
				CLANG_WARN_UNGUARDED_AVAILABILITY = YES_AGGRESSIVE;
				CLANG_WARN_UNREACHABLE_CODE = YES;
				CLANG_WARN__DUPLICATE_METHOD_MATCH = YES;
				COPY_PHASE_STRIP = NO;
				DEBUG_INFORMATION_FORMAT = "dwarf-with-dsym";
				ENABLE_NS_ASSERTIONS = NO;
				ENABLE_STRICT_OBJC_MSGSEND = YES;
				GCC_C_LANGUAGE_STANDARD = gnu11;
				GCC_NO_COMMON_BLOCKS = YES;
				GCC_WARN_64_TO_32_BIT_CONVERSION = YES;
				GCC_WARN_ABOUT_RETURN_TYPE = YES_ERROR;
				GCC_WARN_UNDECLARED_SELECTOR = YES;
				GCC_WARN_UNINITIALIZED_AUTOS = YES_AGGRESSIVE;
				GCC_WARN_UNUSED_FUNCTION = YES;
				GCC_WARN_UNUSED_VARIABLE = YES;
				IPHONEOS_DEPLOYMENT_TARGET = 15.5;
				MTL_ENABLE_DEBUG_INFO = NO;
				MTL_FAST_MATH = YES;
				SDKROOT = iphoneos;
				SWIFT_COMPILATION_MODE = wholemodule;
				SWIFT_OPTIMIZATION_LEVEL = "-O";
				VALIDATE_PRODUCT = YES;
			};
			name = Release;
		};
		71194CA8298AD5D80093EF47 /* Debug */ = {
			isa = XCBuildConfiguration;
			baseConfigurationReference = D81805A6C9706A1CAF355386 /* Pods-Messager.debug.xcconfig */;
			buildSettings = {
				ASSETCATALOG_COMPILER_APPICON_NAME = AppIcon;
				ASSETCATALOG_COMPILER_GLOBAL_ACCENT_COLOR_NAME = AccentColor;
				CODE_SIGN_STYLE = Automatic;
				CURRENT_PROJECT_VERSION = 1;
				DEVELOPMENT_TEAM = CBACKRJ83S;
				GENERATE_INFOPLIST_FILE = YES;
				INFOPLIST_FILE = Messager/Info.plist;
				INFOPLIST_KEY_NSCameraUsageDescription = "Please allow access to take a profile picture";
				INFOPLIST_KEY_NSPhotoLibraryAddUsageDescription = "Please allow access to select a photo for your profile.";
				INFOPLIST_KEY_UIApplicationSupportsIndirectInputEvents = YES;
				INFOPLIST_KEY_UILaunchStoryboardName = LaunchScreen;
				INFOPLIST_KEY_UIMainStoryboardFile = Main;
				INFOPLIST_KEY_UISupportedInterfaceOrientations = UIInterfaceOrientationPortrait;
				INFOPLIST_KEY_UISupportedInterfaceOrientations_iPad = "UIInterfaceOrientationPortrait UIInterfaceOrientationPortraitUpsideDown UIInterfaceOrientationLandscapeLeft UIInterfaceOrientationLandscapeRight";
				INFOPLIST_KEY_UISupportedInterfaceOrientations_iPhone = "UIInterfaceOrientationPortrait UIInterfaceOrientationLandscapeLeft UIInterfaceOrientationLandscapeRight";
				IPHONEOS_DEPLOYMENT_TARGET = 13.0;
				LD_RUNPATH_SEARCH_PATHS = (
					"$(inherited)",
					"@executable_path/Frameworks",
				);
				MARKETING_VERSION = 1.0;
				PRODUCT_BUNDLE_IDENTIFIER = com.kul.boonanake.Messager;
				PRODUCT_NAME = "$(TARGET_NAME)";
				SWIFT_EMIT_LOC_STRINGS = YES;
				SWIFT_VERSION = 5.0;
				TARGETED_DEVICE_FAMILY = "1,2";
			};
			name = Debug;
		};
		71194CA9298AD5D80093EF47 /* Release */ = {
			isa = XCBuildConfiguration;
			baseConfigurationReference = BB00E62D3792D7CA1AE50390 /* Pods-Messager.release.xcconfig */;
			buildSettings = {
				ASSETCATALOG_COMPILER_APPICON_NAME = AppIcon;
				ASSETCATALOG_COMPILER_GLOBAL_ACCENT_COLOR_NAME = AccentColor;
				CODE_SIGN_STYLE = Automatic;
				CURRENT_PROJECT_VERSION = 1;
				DEVELOPMENT_TEAM = CBACKRJ83S;
				GENERATE_INFOPLIST_FILE = YES;
				INFOPLIST_FILE = Messager/Info.plist;
				INFOPLIST_KEY_NSCameraUsageDescription = "Please allow access to take a profile picture";
				INFOPLIST_KEY_NSPhotoLibraryAddUsageDescription = "Please allow access to select a photo for your profile.";
				INFOPLIST_KEY_UIApplicationSupportsIndirectInputEvents = YES;
				INFOPLIST_KEY_UILaunchStoryboardName = LaunchScreen;
				INFOPLIST_KEY_UIMainStoryboardFile = Main;
				INFOPLIST_KEY_UISupportedInterfaceOrientations = UIInterfaceOrientationPortrait;
				INFOPLIST_KEY_UISupportedInterfaceOrientations_iPad = "UIInterfaceOrientationPortrait UIInterfaceOrientationPortraitUpsideDown UIInterfaceOrientationLandscapeLeft UIInterfaceOrientationLandscapeRight";
				INFOPLIST_KEY_UISupportedInterfaceOrientations_iPhone = "UIInterfaceOrientationPortrait UIInterfaceOrientationLandscapeLeft UIInterfaceOrientationLandscapeRight";
				IPHONEOS_DEPLOYMENT_TARGET = 13.0;
				LD_RUNPATH_SEARCH_PATHS = (
					"$(inherited)",
					"@executable_path/Frameworks",
				);
				MARKETING_VERSION = 1.0;
				PRODUCT_BUNDLE_IDENTIFIER = com.kul.boonanake.Messager;
				PRODUCT_NAME = "$(TARGET_NAME)";
				SWIFT_EMIT_LOC_STRINGS = YES;
				SWIFT_VERSION = 5.0;
				TARGETED_DEVICE_FAMILY = "1,2";
			};
			name = Release;
		};
/* End XCBuildConfiguration section */

/* Begin XCConfigurationList section */
		71194C8E298AD5D50093EF47 /* Build configuration list for PBXProject "Messager" */ = {
			isa = XCConfigurationList;
			buildConfigurations = (
				71194CA5298AD5D80093EF47 /* Debug */,
				71194CA6298AD5D80093EF47 /* Release */,
			);
			defaultConfigurationIsVisible = 0;
			defaultConfigurationName = Release;
		};
		71194CA7298AD5D80093EF47 /* Build configuration list for PBXNativeTarget "Messager" */ = {
			isa = XCConfigurationList;
			buildConfigurations = (
				71194CA8298AD5D80093EF47 /* Debug */,
				71194CA9298AD5D80093EF47 /* Release */,
			);
			defaultConfigurationIsVisible = 0;
			defaultConfigurationName = Release;
		};
/* End XCConfigurationList section */
	};
	rootObject = 71194C8B298AD5D50093EF47 /* Project object */;
}
